
Microsoft Visual Studio Solution File, Format Version 12.00
# Visual Studio Version 17
VisualStudioVersion = 17.14.35806.103 d17.14
MinimumVisualStudioVersion = 10.0.40219.1
Project("{FAE04EC0-301F-11D3-BF4B-00C04F79EFBC}") = "BulkyWeb", "BulkyWeb\BulkyWeb.csproj", "{697B884A-41E3-42DA-A3D0-2DE408B6EA8D}"
EndProject
Global
	GlobalSection(SolutionConfigurationPlatforms) = preSolution
		Debug|Any CPU = Debug|Any CPU
		Release|Any CPU = Release|Any CPU
	EndGlobalSection
	GlobalSection(ProjectConfigurationPlatforms) = postSolution
		{697B884A-41E3-42DA-A3D0-2DE408B6EA8D}.Debug|Any CPU.ActiveCfg = Debug|Any CPU
		{697B884A-41E3-42DA-A3D0-2DE408B6EA8D}.Debug|Any CPU.Build.0 = Debug|Any CPU
		{697B884A-41E3-42DA-A3D0-2DE408B6EA8D}.Release|Any CPU.ActiveCfg = Release|Any CPU
		{697B884A-41E3-42DA-A3D0-2DE408B6EA8D}.Release|Any CPU.Build.0 = Release|Any CPU
	EndGlobalSection
	GlobalSection(SolutionProperties) = preSolution
		HideSolutionNode = FALSE
	EndGlobalSection
	GlobalSection(ExtensibilityGlobals) = postSolution
		SolutionGuid = {C2CA12B2-8AA8-4067-A327-5FAC16C3EA18}
	EndGlobalSection
EndGlobal
